// !$*UTF8*$!
{
	archiveVersion = 1;
	classes = {
	};
	objectVersion = 60;
	objects = {

/* Begin PBXBuildFile section */
		A10000000000000000000001 /* NearBridgeIOSApp.swift in Sources */ = {isa = PBXBuildFile; fileRef = A20000000000000000000001 /* NearBridgeIOSApp.swift */; };
		A10000000000000000000002 /* NearBridgeMacApp.swift in Sources */ = {isa = PBXBuildFile; fileRef = A20000000000000000000002 /* NearBridgeMacApp.swift */; };
		A10000000000000000000003 /* NearBridgeShared in Frameworks */ = {isa = PBXBuildFile; productRef = A80000000000000000000001 /* NearBridgeShared */; };
		A10000000000000000000004 /* NearBridgeShared in Frameworks */ = {isa = PBXBuildFile; productRef = A80000000000000000000002 /* NearBridgeShared */; };
		A10000000000000000000005 /* ModelRunnerService.swift in Sources */ = {isa = PBXBuildFile; fileRef = A20000000000000000000007 /* ModelRunnerService.swift */; };
		A10000000000000000000006 /* NearBridgeShared in Frameworks */ = {isa = PBXBuildFile; productRef = A80000000000000000000004 /* NearBridgeShared */; };
		A10000000000000000000007 /* NearBridgeModelRunner.xpc in Embed XPC Services */ = {isa = PBXBuildFile; fileRef = A2000000000000000000000A /* NearBridgeModelRunner.xpc */; settings = {ATTRIBUTES = (CodeSignOnCopy, RemoveHeadersOnCopy, ); }; };
		A10000000000000000000008 /* OpenAIRunnerService.swift in Sources */ = {isa = PBXBuildFile; fileRef = A2000000000000000000000B /* OpenAIRunnerService.swift */; };
		A10000000000000000000009 /* NearBridgeShared in Frameworks */ = {isa = PBXBuildFile; productRef = A80000000000000000000005 /* NearBridgeShared */; };
		A1000000000000000000000A /* NearBridgeOpenAIRunner.xpc in Embed XPC Services */ = {isa = PBXBuildFile; fileRef = A2000000000000000000000E /* NearBridgeOpenAIRunner.xpc */; settings = {ATTRIBUTES = (CodeSignOnCopy, RemoveHeadersOnCopy, ); }; };
/* End PBXBuildFile section */

/* Begin PBXContainerItemProxy section */
		AC0000000000000000000001 /* PBXContainerItemProxy */ = {
			isa = PBXContainerItemProxy;
			containerPortal = A60000000000000000000001 /* Project object */;
			proxyType = 1;
			remoteGlobalIDString = A50000000000000000000003;
			remoteInfo = NearBridgeModelRunner;
		};
		AC0000000000000000000002 /* PBXContainerItemProxy */ = {
			isa = PBXContainerItemProxy;
			containerPortal = A60000000000000000000001 /* Project object */;
			proxyType = 1;
			remoteGlobalIDString = A50000000000000000000004;
			remoteInfo = NearBridgeOpenAIRunner;
		};
/* End PBXContainerItemProxy section */

/* Begin PBXCopyFilesBuildPhase section */
		A90000000000000000000007 /* Embed XPC Services */ = {
			isa = PBXCopyFilesBuildPhase;
			buildActionMask = 2147483647;
			dstPath = Contents/XPCServices;
			dstSubfolderSpec = 1;
			files = (
				A10000000000000000000007 /* NearBridgeModelRunner.xpc in Embed XPC Services */,
				A1000000000000000000000A /* NearBridgeOpenAIRunner.xpc in Embed XPC Services */,
			);
			name = "Embed XPC Services";
			runOnlyForDeploymentPostprocessing = 0;
		};
/* End PBXCopyFilesBuildPhase section */

/* Begin PBXFileReference section */
		A20000000000000000000001 /* NearBridgeIOSApp.swift */ = {isa = PBXFileReference; lastKnownFileType = sourcecode.swift; path = NearBridgeIOSApp.swift; sourceTree = "<group>"; };
		A20000000000000000000002 /* NearBridgeMacApp.swift */ = {isa = PBXFileReference; lastKnownFileType = sourcecode.swift; path = NearBridgeMacApp.swift; sourceTree = "<group>"; };
		A20000000000000000000003 /* Info.plist */ = {isa = PBXFileReference; lastKnownFileType = text.plist.xml; path = Info.plist; sourceTree = "<group>"; };
		A20000000000000000000004 /* Info.plist */ = {isa = PBXFileReference; lastKnownFileType = text.plist.xml; path = Info.plist; sourceTree = "<group>"; };
		A20000000000000000000005 /* NearBridgeIOS.app */ = {isa = PBXFileReference; explicitFileType = wrapper.application; includeInIndex = 0; path = NearBridgeIOS.app; sourceTree = BUILT_PRODUCTS_DIR; };
		A20000000000000000000006 /* NearBridgeMac.app */ = {isa = PBXFileReference; explicitFileType = wrapper.application; includeInIndex = 0; path = NearBridgeMac.app; sourceTree = BUILT_PRODUCTS_DIR; };
		A20000000000000000000007 /* ModelRunnerService.swift */ = {isa = PBXFileReference; lastKnownFileType = sourcecode.swift; path = ModelRunnerService.swift; sourceTree = "<group>"; };
		A20000000000000000000008 /* Info.plist */ = {isa = PBXFileReference; lastKnownFileType = text.plist.xml; path = Info.plist; sourceTree = "<group>"; };
		A20000000000000000000009 /* NearBridgeModelRunner.entitlements */ = {isa = PBXFileReference; lastKnownFileType = text.plist.entitlements; path = NearBridgeModelRunner.entitlements; sourceTree = "<group>"; };
		A2000000000000000000000A /* NearBridgeModelRunner.xpc */ = {isa = PBXFileReference; explicitFileType = "wrapper.xpc-service"; includeInIndex = 0; path = NearBridgeModelRunner.xpc; sourceTree = BUILT_PRODUCTS_DIR; };
		A2000000000000000000000B /* OpenAIRunnerService.swift */ = {isa = PBXFileReference; lastKnownFileType = sourcecode.swift; path = OpenAIRunnerService.swift; sourceTree = "<group>"; };
		A2000000000000000000000C /* Info.plist */ = {isa = PBXFileReference; lastKnownFileType = text.plist.xml; path = Info.plist; sourceTree = "<group>"; };
		A2000000000000000000000D /* NearBridgeOpenAIRunner.entitlements */ = {isa = PBXFileReference; lastKnownFileType = text.plist.entitlements; path = NearBridgeOpenAIRunner.entitlements; sourceTree = "<group>"; };
		A2000000000000000000000E /* NearBridgeOpenAIRunner.xpc */ = {isa = PBXFileReference; explicitFileType = "wrapper.xpc-service"; includeInIndex = 0; path = NearBridgeOpenAIRunner.xpc; sourceTree = BUILT_PRODUCTS_DIR; };
/* End PBXFileReference section */

/* Begin PBXFrameworksBuildPhase section */
		A30000000000000000000001 /* Frameworks */ = {
			isa = PBXFrameworksBuildPhase;
			buildActionMask = 2147483647;
			files = (
				A10000000000000000000003 /* NearBridgeShared in Frameworks */,
			);
			runOnlyForDeploymentPostprocessing = 0;
		};
		A30000000000000000000002 /* Frameworks */ = {
			isa = PBXFrameworksBuildPhase;
			buildActionMask = 2147483647;
			files = (
				A10000000000000000000004 /* NearBridgeShared in Frameworks */,
			);
			runOnlyForDeploymentPostprocessing = 0;
		};
		A30000000000000000000003 /* Frameworks */ = {
			isa = PBXFrameworksBuildPhase;
			buildActionMask = 2147483647;
			files = (
				A10000000000000000000006 /* NearBridgeShared in Frameworks */,
			);
			runOnlyForDeploymentPostprocessing = 0;
		};
		A30000000000000000000004 /* Frameworks */ = {
			isa = PBXFrameworksBuildPhase;
			buildActionMask = 2147483647;
			files = (
				A10000000000000000000009 /* NearBridgeShared in Frameworks */,
			);
			runOnlyForDeploymentPostprocessing = 0;
		};
/* End PBXFrameworksBuildPhase section */

/* Begin PBXGroup section */
		A40000000000000000000001 = {
			isa = PBXGroup;
			children = (
				A40000000000000000000002 /* NearBridgeIOS */,
				A40000000000000000000003 /* NearBridgeMac */,
				A40000000000000000000005 /* NearBridgeModelRunner */,
				A40000000000000000000006 /* NearBridgeOpenAIRunner */,
				A40000000000000000000004 /* Products */,
			);
			sourceTree = "<group>";
		};
		A40000000000000000000002 /* NearBridgeIOS */ = {
			isa = PBXGroup;
			children = (
				A20000000000000000000001 /* NearBridgeIOSApp.swift */,
				A20000000000000000000003 /* Info.plist */,
			);
			path = NearBridgeIOS;
			sourceTree = "<group>";
		};
		A40000000000000000000003 /* NearBridgeMac */ = {
			isa = PBXGroup;
			children = (
				A20000000000000000000002 /* NearBridgeMacApp.swift */,
				A20000000000000000000004 /* Info.plist */,
			);
			path = NearBridgeMac;
			sourceTree = "<group>";
		};
		A40000000000000000000004 /* Products */ = {
			isa = PBXGroup;
			children = (
				A20000000000000000000005 /* NearBridgeIOS.app */,
				A20000000000000000000006 /* NearBridgeMac.app */,
				A2000000000000000000000A /* NearBridgeModelRunner.xpc */,
				A2000000000000000000000E /* NearBridgeOpenAIRunner.xpc */,
			);
			name = Products;
			sourceTree = "<group>";
		};
		A40000000000000000000005 /* NearBridgeModelRunner */ = {
			isa = PBXGroup;
			children = (
				A20000000000000000000007 /* ModelRunnerService.swift */,
				A20000000000000000000008 /* Info.plist */,
				A20000000000000000000009 /* NearBridgeModelRunner.entitlements */,
			);
			path = NearBridgeModelRunner;
			sourceTree = "<group>";
		};
		A40000000000000000000006 /* NearBridgeOpenAIRunner */ = {
			isa = PBXGroup;
			children = (
				A2000000000000000000000B /* OpenAIRunnerService.swift */,
				A2000000000000000000000C /* Info.plist */,
				A2000000000000000000000D /* NearBridgeOpenAIRunner.entitlements */,
			);
			path = NearBridgeOpenAIRunner;
			sourceTree = "<group>";
		};
/* End PBXGroup section */

/* Begin PBXNativeTarget section */
		A50000000000000000000001 /* NearBridgeIOS */ = {
			isa = PBXNativeTarget;
			buildConfigurationList = A70000000000000000000002 /* Build configuration list for PBXNativeTarget "NearBridgeIOS" */;
			buildPhases = (
				A30000000000000000000001 /* Frameworks */,
				A90000000000000000000001 /* Sources */,
				A90000000000000000000003 /* Resources */,
			);
			buildRules = (
			);
			dependencies = (
			);
			name = NearBridgeIOS;
			packageProductDependencies = (
				A80000000000000000000001 /* NearBridgeShared */,
			);
			productName = NearBridgeIOS;
			productReference = A20000000000000000000005 /* NearBridgeIOS.app */;
			productType = "com.apple.product-type.application";
		};
		A50000000000000000000002 /* NearBridgeMac */ = {
			isa = PBXNativeTarget;
			buildConfigurationList = A70000000000000000000003 /* Build configuration list for PBXNativeTarget "NearBridgeMac" */;
			buildPhases = (
				A30000000000000000000002 /* Frameworks */,
				A90000000000000000000002 /* Sources */,
				A90000000000000000000004 /* Resources */,
				A90000000000000000000007 /* Embed XPC Services */,
			);
			buildRules = (
			);
			dependencies = (
				AD0000000000000000000001 /* PBXTargetDependency */,
				AD0000000000000000000002 /* PBXTargetDependency */,
			);
			name = NearBridgeMac;
			packageProductDependencies = (
				A80000000000000000000002 /* NearBridgeShared */,
			);
			productName = NearBridgeMac;
			productReference = A20000000000000000000006 /* NearBridgeMac.app */;
			productType = "com.apple.product-type.application";
		};
		A50000000000000000000003 /* NearBridgeModelRunner */ = {
			isa = PBXNativeTarget;
			buildConfigurationList = A70000000000000000000004 /* Build configuration list for PBXNativeTarget "NearBridgeModelRunner" */;
			buildPhases = (
				A30000000000000000000003 /* Frameworks */,
				A90000000000000000000006 /* Sources */,
				A90000000000000000000005 /* Resources */,
			);
			buildRules = (
			);
			dependencies = (
			);
			name = NearBridgeModelRunner;
			packageProductDependencies = (
				A80000000000000000000004 /* NearBridgeShared */,
			);
			productName = NearBridgeModelRunner;
			productReference = A2000000000000000000000A /* NearBridgeModelRunner.xpc */;
			productType = "com.apple.product-type.xpc-service";
		};
		A50000000000000000000004 /* NearBridgeOpenAIRunner */ = {
			isa = PBXNativeTarget;
			buildConfigurationList = A70000000000000000000005 /* Build configuration list for PBXNativeTarget "NearBridgeOpenAIRunner" */;
			buildPhases = (
				A30000000000000000000004 /* Frameworks */,
				A90000000000000000000008 /* Sources */,
				A90000000000000000000009 /* Resources */,
			);
			buildRules = (
			);
			dependencies = (
			);
			name = NearBridgeOpenAIRunner;
			packageProductDependencies = (
				A80000000000000000000005 /* NearBridgeShared */,
			);
			productName = NearBridgeOpenAIRunner;
			productReference = A2000000000000000000000E /* NearBridgeOpenAIRunner.xpc */;
			productType = "com.apple.product-type.xpc-service";
		};
/* End PBXNativeTarget section */

/* Begin PBXProject section */
		A60000000000000000000001 /* Project object */ = {
			isa = PBXProject;
			attributes = {
				BuildIndependentTargetsInParallel = 1;
				LastSwiftUpdateCheck = 2650;
				LastUpgradeCheck = 2650;
				TargetAttributes = {
					A50000000000000000000001 = {
						CreatedOnToolsVersion = 26.5;
					};
					A50000000000000000000002 = {
						CreatedOnToolsVersion = 26.5;
					};
					A50000000000000000000003 = {
						CreatedOnToolsVersion = 26.5;
					};
					A50000000000000000000004 = {
						CreatedOnToolsVersion = 26.5;
					};
				};
			};
			buildConfigurationList = A70000000000000000000001 /* Build configuration list for PBXProject "NearBridge" */;
			compatibilityVersion = "Xcode 14.0";
			developmentRegion = en;
			hasScannedForEncodings = 0;
			knownRegions = (
				en,
				Base,
			);
			mainGroup = A40000000000000000000001;
			packageReferences = (
				A80000000000000000000003 /* XCLocalSwiftPackageReference "." */,
			);
			productRefGroup = A40000000000000000000004 /* Products */;
			projectDirPath = "";
			projectRoot = "";
			targets = (
				A50000000000000000000001 /* NearBridgeIOS */,
				A50000000000000000000002 /* NearBridgeMac */,
				A50000000000000000000003 /* NearBridgeModelRunner */,
				A50000000000000000000004 /* NearBridgeOpenAIRunner */,
			);
		};
/* End PBXProject section */

/* Begin PBXResourcesBuildPhase section */
		A90000000000000000000003 /* Resources */ = {
			isa = PBXResourcesBuildPhase;
			buildActionMask = 2147483647;
			files = (
			);
			runOnlyForDeploymentPostprocessing = 0;
		};
		A90000000000000000000004 /* Resources */ = {
			isa = PBXResourcesBuildPhase;
			buildActionMask = 2147483647;
			files = (
			);
			runOnlyForDeploymentPostprocessing = 0;
		};
		A90000000000000000000005 /* Resources */ = {
			isa = PBXResourcesBuildPhase;
			buildActionMask = 2147483647;
			files = (
			);
			runOnlyForDeploymentPostprocessing = 0;
		};
		A90000000000000000000009 /* Resources */ = {
			isa = PBXResourcesBuildPhase;
			buildActionMask = 2147483647;
			files = (
			);
			runOnlyForDeploymentPostprocessing = 0;
		};
/* End PBXResourcesBuildPhase section */

/* Begin PBXSourcesBuildPhase section */
		A90000000000000000000001 /* Sources */ = {
			isa = PBXSourcesBuildPhase;
			buildActionMask = 2147483647;
			files = (
				A10000000000000000000001 /* NearBridgeIOSApp.swift in Sources */,
			);
			runOnlyForDeploymentPostprocessing = 0;
		};
		A90000000000000000000002 /* Sources */ = {
			isa = PBXSourcesBuildPhase;
			buildActionMask = 2147483647;
			files = (
				A10000000000000000000002 /* NearBridgeMacApp.swift in Sources */,
			);
			runOnlyForDeploymentPostprocessing = 0;
		};
		A90000000000000000000006 /* Sources */ = {
			isa = PBXSourcesBuildPhase;
			buildActionMask = 2147483647;
			files = (
				A10000000000000000000005 /* ModelRunnerService.swift in Sources */,
			);
			runOnlyForDeploymentPostprocessing = 0;
		};
		A90000000000000000000008 /* Sources */ = {
			isa = PBXSourcesBuildPhase;
			buildActionMask = 2147483647;
			files = (
				A10000000000000000000008 /* OpenAIRunnerService.swift in Sources */,
			);
			runOnlyForDeploymentPostprocessing = 0;
		};
/* End PBXSourcesBuildPhase section */

/* Begin PBXTargetDependency section */
		AD0000000000000000000001 /* PBXTargetDependency */ = {
			isa = PBXTargetDependency;
			target = A50000000000000000000003 /* NearBridgeModelRunner */;
			targetProxy = AC0000000000000000000001 /* PBXContainerItemProxy */;
		};
		AD0000000000000000000002 /* PBXTargetDependency */ = {
			isa = PBXTargetDependency;
			target = A50000000000000000000004 /* NearBridgeOpenAIRunner */;
			targetProxy = AC0000000000000000000002 /* PBXContainerItemProxy */;
		};
/* End PBXTargetDependency section */

/* Begin XCBuildConfiguration section */
		B10000000000000000000001 /* Debug */ = {
			isa = XCBuildConfiguration;
			buildSettings = {
				CLANG_ENABLE_MODULES = YES;
				SWIFT_VERSION = 5.0;
			};
			name = Debug;
		};
		B10000000000000000000002 /* Release */ = {
			isa = XCBuildConfiguration;
			buildSettings = {
				CLANG_ENABLE_MODULES = YES;
				SWIFT_COMPILATION_MODE = wholemodule;
				SWIFT_VERSION = 5.0;
			};
			name = Release;
		};
		B10000000000000000000003 /* Debug */ = {
			isa = XCBuildConfiguration;
			buildSettings = {
				ASSETCATALOG_COMPILER_APPICON_NAME = AppIcon;
				CODE_SIGN_STYLE = Automatic;
				CURRENT_PROJECT_VERSION = 9;
				DEVELOPMENT_TEAM = ZMN7LG4SD9;
				GENERATE_INFOPLIST_FILE = NO;
				INFOPLIST_FILE = NearBridgeIOS/Info.plist;
				IPHONEOS_DEPLOYMENT_TARGET = 17.0;
				MARKETING_VERSION = 0.9.0;
				PRODUCT_BUNDLE_IDENTIFIER = org.holonia.nearbridge.nb0.ios;
				PRODUCT_NAME = "$(TARGET_NAME)";
				SDKROOT = iphoneos;
				SUPPORTED_PLATFORMS = "iphoneos iphonesimulator";
				SUPPORTS_MACCATALYST = NO;
				SUPPORTS_XR_DESIGNED_FOR_IPHONE_IPAD = NO;
				SWIFT_EMIT_LOC_STRINGS = YES;
				SWIFT_VERSION = 5.0;
				TARGETED_DEVICE_FAMILY = 1;
			};
			name = Debug;
		};
		B10000000000000000000004 /* Release */ = {
			isa = XCBuildConfiguration;
			buildSettings = {
				ASSETCATALOG_COMPILER_APPICON_NAME = AppIcon;
				CODE_SIGN_STYLE = Automatic;
				CURRENT_PROJECT_VERSION = 9;
				DEVELOPMENT_TEAM = ZMN7LG4SD9;
				GENERATE_INFOPLIST_FILE = NO;
				INFOPLIST_FILE = NearBridgeIOS/Info.plist;
				IPHONEOS_DEPLOYMENT_TARGET = 17.0;
				MARKETING_VERSION = 0.9.0;
				PRODUCT_BUNDLE_IDENTIFIER = org.holonia.nearbridge.nb0.ios;
				PRODUCT_NAME = "$(TARGET_NAME)";
				SDKROOT = iphoneos;
				SUPPORTED_PLATFORMS = "iphoneos iphonesimulator";
				SUPPORTS_MACCATALYST = NO;
				SUPPORTS_XR_DESIGNED_FOR_IPHONE_IPAD = NO;
				SWIFT_COMPILATION_MODE = wholemodule;
				SWIFT_VERSION = 5.0;
				TARGETED_DEVICE_FAMILY = 1;
			};
			name = Release;
		};
		B10000000000000000000005 /* Debug */ = {
			isa = XCBuildConfiguration;
			buildSettings = {
				CODE_SIGN_STYLE = Automatic;
				COMBINE_HIDPI_IMAGES = YES;
				CURRENT_PROJECT_VERSION = 9;
				DEVELOPMENT_TEAM = ZMN7LG4SD9;
				GENERATE_INFOPLIST_FILE = NO;
				INFOPLIST_FILE = NearBridgeMac/Info.plist;
				MACOSX_DEPLOYMENT_TARGET = 14.0;
				MARKETING_VERSION = 0.9.0;
				PRODUCT_BUNDLE_IDENTIFIER = org.holonia.nearbridge.nb0.mac;
				PRODUCT_NAME = "$(TARGET_NAME)";
				SDKROOT = macosx;
				SWIFT_EMIT_LOC_STRINGS = YES;
				SWIFT_VERSION = 5.0;
			};
			name = Debug;
		};
		B10000000000000000000006 /* Release */ = {
			isa = XCBuildConfiguration;
			buildSettings = {
				CODE_SIGN_STYLE = Automatic;
				COMBINE_HIDPI_IMAGES = YES;
				CURRENT_PROJECT_VERSION = 9;
				DEVELOPMENT_TEAM = ZMN7LG4SD9;
				GENERATE_INFOPLIST_FILE = NO;
				INFOPLIST_FILE = NearBridgeMac/Info.plist;
				MACOSX_DEPLOYMENT_TARGET = 14.0;
				MARKETING_VERSION = 0.9.0;
				PRODUCT_BUNDLE_IDENTIFIER = org.holonia.nearbridge.nb0.mac;
				PRODUCT_NAME = "$(TARGET_NAME)";
				SDKROOT = macosx;
				SWIFT_COMPILATION_MODE = wholemodule;
				SWIFT_VERSION = 5.0;
			};
			name = Release;
		};
		B10000000000000000000007 /* Debug */ = {
			isa = XCBuildConfiguration;
			buildSettings = {
				CODE_SIGN_ENTITLEMENTS = NearBridgeModelRunner/NearBridgeModelRunner.entitlements;
				CODE_SIGN_STYLE = Automatic;
				CURRENT_PROJECT_VERSION = 9;
				DEVELOPMENT_TEAM = ZMN7LG4SD9;
				GENERATE_INFOPLIST_FILE = NO;
				INFOPLIST_FILE = NearBridgeModelRunner/Info.plist;
				MACOSX_DEPLOYMENT_TARGET = 26.0;
				MARKETING_VERSION = 0.9.0;
				PRODUCT_BUNDLE_IDENTIFIER = org.holonia.nearbridge.model-runner;
				PRODUCT_NAME = "$(TARGET_NAME)";
				SDKROOT = macosx;
				SKIP_INSTALL = YES;
				SWIFT_EMIT_LOC_STRINGS = YES;
				SWIFT_VERSION = 5.0;
			};
			name = Debug;
		};
		B10000000000000000000008 /* Release */ = {
			isa = XCBuildConfiguration;
			buildSettings = {
				CODE_SIGN_ENTITLEMENTS = NearBridgeModelRunner/NearBridgeModelRunner.entitlements;
				CODE_SIGN_STYLE = Automatic;
				CURRENT_PROJECT_VERSION = 9;
				DEVELOPMENT_TEAM = ZMN7LG4SD9;
				GENERATE_INFOPLIST_FILE = NO;
				INFOPLIST_FILE = NearBridgeModelRunner/Info.plist;
				MACOSX_DEPLOYMENT_TARGET = 26.0;
				MARKETING_VERSION = 0.9.0;
				PRODUCT_BUNDLE_IDENTIFIER = org.holonia.nearbridge.model-runner;
				PRODUCT_NAME = "$(TARGET_NAME)";
				SDKROOT = macosx;
				SKIP_INSTALL = YES;
				SWIFT_COMPILATION_MODE = wholemodule;
				SWIFT_VERSION = 5.0;
			};
			name = Release;
		};
		B10000000000000000000009 /* Debug */ = {
			isa = XCBuildConfiguration;
			buildSettings = {
				CODE_SIGN_ENTITLEMENTS = NearBridgeOpenAIRunner/NearBridgeOpenAIRunner.entitlements;
				CODE_SIGN_STYLE = Automatic;
				CURRENT_PROJECT_VERSION = 9;
				DEVELOPMENT_TEAM = ZMN7LG4SD9;
				GENERATE_INFOPLIST_FILE = NO;
				INFOPLIST_FILE = NearBridgeOpenAIRunner/Info.plist;
				MACOSX_DEPLOYMENT_TARGET = 14.0;
				MARKETING_VERSION = 0.9.0;
				PRODUCT_BUNDLE_IDENTIFIER = org.holonia.nearbridge.openai-runner;
				PRODUCT_NAME = "$(TARGET_NAME)";
				SDKROOT = macosx;
				SKIP_INSTALL = YES;
				SWIFT_EMIT_LOC_STRINGS = YES;
				SWIFT_VERSION = 5.0;
			};
			name = Debug;
		};
		B1000000000000000000000A /* Release */ = {
			isa = XCBuildConfiguration;
			buildSettings = {
				CODE_SIGN_ENTITLEMENTS = NearBridgeOpenAIRunner/NearBridgeOpenAIRunner.entitlements;
				CODE_SIGN_STYLE = Automatic;
				CURRENT_PROJECT_VERSION = 9;
				DEVELOPMENT_TEAM = ZMN7LG4SD9;
				GENERATE_INFOPLIST_FILE = NO;
				INFOPLIST_FILE = NearBridgeOpenAIRunner/Info.plist;
				MACOSX_DEPLOYMENT_TARGET = 14.0;
				MARKETING_VERSION = 0.9.0;
				PRODUCT_BUNDLE_IDENTIFIER = org.holonia.nearbridge.openai-runner;
				PRODUCT_NAME = "$(TARGET_NAME)";
				SDKROOT = macosx;
				SKIP_INSTALL = YES;
				SWIFT_COMPILATION_MODE = wholemodule;
				SWIFT_VERSION = 5.0;
			};
			name = Release;
		};
/* End XCBuildConfiguration section */

/* Begin XCConfigurationList section */
		A70000000000000000000001 /* Build configuration list for PBXProject "NearBridge" */ = {
			isa = XCConfigurationList;
			buildConfigurations = (
				B10000000000000000000001 /* Debug */,
				B10000000000000000000002 /* Release */,
			);
			defaultConfigurationIsVisible = 0;
			defaultConfigurationName = Release;
		};
		A70000000000000000000002 /* Build configuration list for PBXNativeTarget "NearBridgeIOS" */ = {
			isa = XCConfigurationList;
			buildConfigurations = (
				B10000000000000000000003 /* Debug */,
				B10000000000000000000004 /* Release */,
			);
			defaultConfigurationIsVisible = 0;
			defaultConfigurationName = Release;
		};
		A70000000000000000000003 /* Build configuration list for PBXNativeTarget "NearBridgeMac" */ = {
			isa = XCConfigurationList;
			buildConfigurations = (
				B10000000000000000000005 /* Debug */,
				B10000000000000000000006 /* Release */,
			);
			defaultConfigurationIsVisible = 0;
			defaultConfigurationName = Release;
		};
		A70000000000000000000004 /* Build configuration list for PBXNativeTarget "NearBridgeModelRunner" */ = {
			isa = XCConfigurationList;
			buildConfigurations = (
				B10000000000000000000007 /* Debug */,
				B10000000000000000000008 /* Release */,
			);
			defaultConfigurationIsVisible = 0;
			defaultConfigurationName = Release;
		};
		A70000000000000000000005 /* Build configuration list for PBXNativeTarget "NearBridgeOpenAIRunner" */ = {
			isa = XCConfigurationList;
			buildConfigurations = (
				B10000000000000000000009 /* Debug */,
				B1000000000000000000000A /* Release */,
			);
			defaultConfigurationIsVisible = 0;
			defaultConfigurationName = Release;
		};
/* End XCConfigurationList section */

/* Begin XCLocalSwiftPackageReference section */
		A80000000000000000000003 /* XCLocalSwiftPackageReference "." */ = {
			isa = XCLocalSwiftPackageReference;
			relativePath = .;
		};
/* End XCLocalSwiftPackageReference section */

/* Begin XCSwiftPackageProductDependency section */
		A80000000000000000000001 /* NearBridgeShared */ = {
			isa = XCSwiftPackageProductDependency;
			package = A80000000000000000000003 /* XCLocalSwiftPackageReference "." */;
			productName = NearBridgeShared;
		};
		A80000000000000000000002 /* NearBridgeShared */ = {
			isa = XCSwiftPackageProductDependency;
			package = A80000000000000000000003 /* XCLocalSwiftPackageReference "." */;
			productName = NearBridgeShared;
		};
		A80000000000000000000004 /* NearBridgeShared */ = {
			isa = XCSwiftPackageProductDependency;
			package = A80000000000000000000003 /* XCLocalSwiftPackageReference "." */;
			productName = NearBridgeShared;
		};
		A80000000000000000000005 /* NearBridgeShared */ = {
			isa = XCSwiftPackageProductDependency;
			package = A80000000000000000000003 /* XCLocalSwiftPackageReference "." */;
			productName = NearBridgeShared;
		};
/* End XCSwiftPackageProductDependency section */
	};
	rootObject = A60000000000000000000001 /* Project object */;
}
